
Microsoft Visual Studio Solution File, Format Version 12.00
# Visual Studio Version 17
VisualStudioVersion = 17.4.33205.214
MinimumVisualStudioVersion = 10.0.40219.1
Project("{9A19103F-16F7-4668-BE54-9A1E7A4F7556}") = "BeerSender.Web", "BeerSender.Web\BeerSender.Web.csproj", "{1B3D4B73-5532-421C-AC33-4258FE5190CC}"
EndProject
Project("{FAE04EC0-301F-11D3-BF4B-00C04F79EFBC}") = "BeerSender.Domain", "BeerSender.Domain\BeerSender.Domain.csproj", "{B1E2B1CF-06C9-43B1-ABD3-D0C30035C601}"
EndProject
Project("{FAE04EC0-301F-11D3-BF4B-00C04F79EFBC}") = "BeerSender.Tests", "BeerSender.Tests\BeerSender.Tests.csproj", "{C41DBC6A-4B9D-4C99-95DD-B602E678D36A}"
EndProject
Global
	GlobalSection(SolutionConfigurationPlatforms) = preSolution
		Debug|Any CPU = Debug|Any CPU
		Release|Any CPU = Release|Any CPU
	EndGlobalSection
	GlobalSection(ProjectConfigurationPlatforms) = postSolution
		{1B3D4B73-5532-421C-AC33-4258FE5190CC}.Debug|Any CPU.ActiveCfg = Debug|Any CPU
		{1B3D4B73-5532-421C-AC33-4258FE5190CC}.Debug|Any CPU.Build.0 = Debug|Any CPU
		{1B3D4B73-5532-421C-AC33-4258FE5190CC}.Release|Any CPU.ActiveCfg = Release|Any CPU
		{1B3D4B73-5532-421C-AC33-4258FE5190CC}.Release|Any CPU.Build.0 = Release|Any CPU
		{B1E2B1CF-06C9-43B1-ABD3-D0C30035C601}.Debug|Any CPU.ActiveCfg = Debug|Any CPU
		{B1E2B1CF-06C9-43B1-ABD3-D0C30035C601}.Debug|Any CPU.Build.0 = Debug|Any CPU
		{B1E2B1CF-06C9-43B1-ABD3-D0C30035C601}.Release|Any CPU.ActiveCfg = Release|Any CPU
		{B1E2B1CF-06C9-43B1-ABD3-D0C30035C601}.Release|Any CPU.Build.0 = Release|Any CPU
		{C41DBC6A-4B9D-4C99-95DD-B602E678D36A}.Debug|Any CPU.ActiveCfg = Debug|Any CPU
		{C41DBC6A-4B9D-4C99-95DD-B602E678D36A}.Debug|Any CPU.Build.0 = Debug|Any CPU
		{C41DBC6A-4B9D-4C99-95DD-B602E678D36A}.Release|Any CPU.ActiveCfg = Release|Any CPU
		{C41DBC6A-4B9D-4C99-95DD-B602E678D36A}.Release|Any CPU.Build.0 = Release|Any CPU
	EndGlobalSection
	GlobalSection(SolutionProperties) = preSolution
		HideSolutionNode = FALSE
	EndGlobalSection
	GlobalSection(ExtensibilityGlobals) = postSolution
		SolutionGuid = {2D0A02C9-D6D0-4EB3-80E3-DBED9A3694F0}
	EndGlobalSection
EndGlobal
